dependencies:
- name: prometheus
  repository: https://prometheus-community.github.io/helm-charts
  version: 23.1.0
- name: prometheus-consul-exporter
  repository: https://prometheus-community.github.io/helm-charts
  version: 1.0.0
digest: sha256:9784292a11a7172ad78144fcbd9344021f041a3caf5304ad1cab6b9c3bafc438
generated: "2023-07-12T11:45:30.67851387+07:00"
