
Microsoft Visual Studio Solution File, Format Version 12.00
# Visual Studio Version 17
VisualStudioVersion = 17.6.33712.159
MinimumVisualStudioVersion = 10.0.40219.1
Project("{9A19103F-16F7-4668-BE54-9A1E7A4F7556}") = "Basket", "Services\Basket\Basket.csproj", "{44CA1EF3-C175-451B-87E2-17F6025620B4}"
EndProject
Project("{9A19103F-16F7-4668-BE54-9A1E7A4F7556}") = "Catalog", "Services\Catalog\Catalog.csproj", "{FDD6E34E-744F-4BCF-8218-042032E53FF8}"
EndProject
Project("{9A19103F-16F7-4668-BE54-9A1E7A4F7556}") = "Contracting", "Services\Contracting\Contracting.csproj", "{DF5641A3-11CB-4D79-81E8-40495F090F8F}"
EndProject
Project("{9A19103F-16F7-4668-BE54-9A1E7A4F7556}") = "Ordering", "Services\Ordering\Ordering.csproj", "{74AEA867-4450-46F2-A921-1BD4F92DD308}"
EndProject
Project("{9A19103F-16F7-4668-BE54-9A1E7A4F7556}") = "Payment", "Services\Payment\Payment.csproj", "{6254B89E-ABD3-401E-82E3-2B0B5755EF6C}"
EndProject
Project("{9A19103F-16F7-4668-BE54-9A1E7A4F7556}") = "EventBus", "BuildingBlocks\EventBus\EventBus\EventBus.csproj", "{4FC73538-917B-4456-9853-DA90FBF76D1E}"
EndProject
Project("{9A19103F-16F7-4668-BE54-9A1E7A4F7556}") = "EventBusRabbitMQ", "BuildingBlocks\EventBus\EventBusRabbitMQ\EventBusRabbitMQ.csproj", "{2AAA00FD-559E-423F-BF65-70754DF9F334}"
EndProject
Project("{9A19103F-16F7-4668-BE54-9A1E7A4F7556}") = "Transactions", "BuildingBlocks\Transactions\Transactions.csproj", "{940B9134-967C-406D-AF4A-4FFA8672D00A}"
EndProject
Project("{9A19103F-16F7-4668-BE54-9A1E7A4F7556}") = "JsonAdapter", "BuildingBlocks\JsonAdapter\JsonAdapter.csproj", "{16E726BD-055A-46E4-A090-5E7E954DE073}"
EndProject
Project("{E53339B2-1760-4266-BCC7-CA923CBCF16C}") = "docker-compose", "docker-compose.dcproj", "{660B197D-F3A1-4781-A57E-2C7B0E633670}"
EndProject
Project("{9A19103F-16F7-4668-BE54-9A1E7A4F7556}") = "ShopperInfo", "Services\ShopperInfo\ShopperInfo.csproj", "{267EFC54-E242-472C-90E5-CE3D9028555B}"
EndProject
Project("{9A19103F-16F7-4668-BE54-9A1E7A4F7556}") = "Identity", "Services\Identity\Identity.csproj", "{DD4D42CB-4287-4A00-99E5-9216A1AC22EA}"
EndProject
Project("{9A19103F-16F7-4668-BE54-9A1E7A4F7556}") = "WebSellerUI", "WebUI\WebSellerUI\WebSellerUI.csproj", "{9CA1CA5A-51F0-49DC-BEF8-0C36952B0703}"
EndProject
Project("{9A19103F-16F7-4668-BE54-9A1E7A4F7556}") = "WebShoppingUI", "WebUI\WebShoppingUI\WebShoppingUI.csproj", "{85E0607E-787F-496A-9C46-5E64C639CF00}"
EndProject
Project("{9A19103F-16F7-4668-BE54-9A1E7A4F7556}") = "CatalogTests", "Tests\CatalogTests\CatalogTests.csproj", "{CDF2D1B8-F463-47AD-94C9-5B0693F5880C}"
EndProject
Project("{2150E333-8FDC-42A3-9474-1A3956D46DE8}") = "Services", "Services", "{57F2862E-88E4-4EC7-A252-04BAEC06F32C}"
EndProject
Project("{2150E333-8FDC-42A3-9474-1A3956D46DE8}") = "WebApps", "WebApps", "{80D0E9EF-8662-4EE5-BACB-99255552B213}"
EndProject
Project("{2150E333-8FDC-42A3-9474-1A3956D46DE8}") = "BuildingBlocks", "BuildingBlocks", "{582EFD4D-682F-4A0B-912F-258278D186BB}"
EndProject
Project("{2150E333-8FDC-42A3-9474-1A3956D46DE8}") = "Tests", "Tests", "{89B4D606-ADA8-4027-B5EF-31FF0EBE31DD}"
EndProject
Project("{9A19103F-16F7-4668-BE54-9A1E7A4F7556}") = "ContractingTests", "Tests\ContractingTests\ContractingTests.csproj", "{845AF7B5-174B-4DF8-BEAE-06A1C891643A}"
EndProject
Project("{9A19103F-16F7-4668-BE54-9A1E7A4F7556}") = "BasketTests", "Tests\BasketTests\BasketTests.csproj", "{7D1DF9BC-6345-40AE-A1F0-33CC648343D1}"
EndProject
Project("{9A19103F-16F7-4668-BE54-9A1E7A4F7556}") = "OrderingTests", "Tests\OrderingTests\OrderingTests.csproj", "{72F41A61-9089-4E35-B5E4-DE0D5E08FABF}"
EndProject
Project("{9A19103F-16F7-4668-BE54-9A1E7A4F7556}") = "TestingCommon", "Tests\Common\TestingCommon.csproj", "{4E49890A-BEBD-4A8C-84E8-40D38F255AF9}"
EndProject
Project("{9A19103F-16F7-4668-BE54-9A1E7A4F7556}") = "ShopperInfoTests", "Tests\ShopperInfoTests\ShopperInfoTests.csproj", "{3E90454F-7C60-43F6-9674-BBAF793E7D62}"
EndProject
Project("{9A19103F-16F7-4668-BE54-9A1E7A4F7556}") = "Inventory", "Services\Inventory\Inventory.csproj", "{F55DA475-7FB2-4FB7-9CB9-C32D09E74672}"
EndProject
Global
	GlobalSection(SolutionConfigurationPlatforms) = preSolution
		Debug|Any CPU = Debug|Any CPU
		Release|Any CPU = Release|Any CPU
	EndGlobalSection
	GlobalSection(ProjectConfigurationPlatforms) = postSolution
		{44CA1EF3-C175-451B-87E2-17F6025620B4}.Debug|Any CPU.ActiveCfg = Debug|Any CPU
		{44CA1EF3-C175-451B-87E2-17F6025620B4}.Debug|Any CPU.Build.0 = Debug|Any CPU
		{44CA1EF3-C175-451B-87E2-17F6025620B4}.Release|Any CPU.ActiveCfg = Release|Any CPU
		{44CA1EF3-C175-451B-87E2-17F6025620B4}.Release|Any CPU.Build.0 = Release|Any CPU
		{FDD6E34E-744F-4BCF-8218-042032E53FF8}.Debug|Any CPU.ActiveCfg = Debug|Any CPU
		{FDD6E34E-744F-4BCF-8218-042032E53FF8}.Debug|Any CPU.Build.0 = Debug|Any CPU
		{FDD6E34E-744F-4BCF-8218-042032E53FF8}.Release|Any CPU.ActiveCfg = Release|Any CPU
		{FDD6E34E-744F-4BCF-8218-042032E53FF8}.Release|Any CPU.Build.0 = Release|Any CPU
		{DF5641A3-11CB-4D79-81E8-40495F090F8F}.Debug|Any CPU.ActiveCfg = Debug|Any CPU
		{DF5641A3-11CB-4D79-81E8-40495F090F8F}.Debug|Any CPU.Build.0 = Debug|Any CPU
		{DF5641A3-11CB-4D79-81E8-40495F090F8F}.Release|Any CPU.ActiveCfg = Release|Any CPU
		{DF5641A3-11CB-4D79-81E8-40495F090F8F}.Release|Any CPU.Build.0 = Release|Any CPU
		{74AEA867-4450-46F2-A921-1BD4F92DD308}.Debug|Any CPU.ActiveCfg = Debug|Any CPU
		{74AEA867-4450-46F2-A921-1BD4F92DD308}.Debug|Any CPU.Build.0 = Debug|Any CPU
		{74AEA867-4450-46F2-A921-1BD4F92DD308}.Release|Any CPU.ActiveCfg = Release|Any CPU
		{74AEA867-4450-46F2-A921-1BD4F92DD308}.Release|Any CPU.Build.0 = Release|Any CPU
		{6254B89E-ABD3-401E-82E3-2B0B5755EF6C}.Debug|Any CPU.ActiveCfg = Debug|Any CPU
		{6254B89E-ABD3-401E-82E3-2B0B5755EF6C}.Debug|Any CPU.Build.0 = Debug|Any CPU
		{6254B89E-ABD3-401E-82E3-2B0B5755EF6C}.Release|Any CPU.ActiveCfg = Release|Any CPU
		{6254B89E-ABD3-401E-82E3-2B0B5755EF6C}.Release|Any CPU.Build.0 = Release|Any CPU
		{4FC73538-917B-4456-9853-DA90FBF76D1E}.Debug|Any CPU.ActiveCfg = Debug|Any CPU
		{4FC73538-917B-4456-9853-DA90FBF76D1E}.Debug|Any CPU.Build.0 = Debug|Any CPU
		{4FC73538-917B-4456-9853-DA90FBF76D1E}.Release|Any CPU.ActiveCfg = Release|Any CPU
		{4FC73538-917B-4456-9853-DA90FBF76D1E}.Release|Any CPU.Build.0 = Release|Any CPU
		{2AAA00FD-559E-423F-BF65-70754DF9F334}.Debug|Any CPU.ActiveCfg = Debug|Any CPU
		{2AAA00FD-559E-423F-BF65-70754DF9F334}.Debug|Any CPU.Build.0 = Debug|Any CPU
		{2AAA00FD-559E-423F-BF65-70754DF9F334}.Release|Any CPU.ActiveCfg = Release|Any CPU
		{2AAA00FD-559E-423F-BF65-70754DF9F334}.Release|Any CPU.Build.0 = Release|Any CPU
		{940B9134-967C-406D-AF4A-4FFA8672D00A}.Debug|Any CPU.ActiveCfg = Debug|Any CPU
		{940B9134-967C-406D-AF4A-4FFA8672D00A}.Debug|Any CPU.Build.0 = Debug|Any CPU
		{940B9134-967C-406D-AF4A-4FFA8672D00A}.Release|Any CPU.ActiveCfg = Release|Any CPU
		{940B9134-967C-406D-AF4A-4FFA8672D00A}.Release|Any CPU.Build.0 = Release|Any CPU
		{16E726BD-055A-46E4-A090-5E7E954DE073}.Debug|Any CPU.ActiveCfg = Debug|Any CPU
		{16E726BD-055A-46E4-A090-5E7E954DE073}.Debug|Any CPU.Build.0 = Debug|Any CPU
		{16E726BD-055A-46E4-A090-5E7E954DE073}.Release|Any CPU.ActiveCfg = Release|Any CPU
		{16E726BD-055A-46E4-A090-5E7E954DE073}.Release|Any CPU.Build.0 = Release|Any CPU
		{660B197D-F3A1-4781-A57E-2C7B0E633670}.Debug|Any CPU.ActiveCfg = Debug|Any CPU
		{660B197D-F3A1-4781-A57E-2C7B0E633670}.Debug|Any CPU.Build.0 = Debug|Any CPU
		{660B197D-F3A1-4781-A57E-2C7B0E633670}.Release|Any CPU.ActiveCfg = Release|Any CPU
		{660B197D-F3A1-4781-A57E-2C7B0E633670}.Release|Any CPU.Build.0 = Release|Any CPU
		{267EFC54-E242-472C-90E5-CE3D9028555B}.Debug|Any CPU.ActiveCfg = Debug|Any CPU
		{267EFC54-E242-472C-90E5-CE3D9028555B}.Debug|Any CPU.Build.0 = Debug|Any CPU
		{267EFC54-E242-472C-90E5-CE3D9028555B}.Release|Any CPU.ActiveCfg = Release|Any CPU
		{267EFC54-E242-472C-90E5-CE3D9028555B}.Release|Any CPU.Build.0 = Release|Any CPU
		{DD4D42CB-4287-4A00-99E5-9216A1AC22EA}.Debug|Any CPU.ActiveCfg = Debug|Any CPU
		{DD4D42CB-4287-4A00-99E5-9216A1AC22EA}.Debug|Any CPU.Build.0 = Debug|Any CPU
		{DD4D42CB-4287-4A00-99E5-9216A1AC22EA}.Release|Any CPU.ActiveCfg = Release|Any CPU
		{DD4D42CB-4287-4A00-99E5-9216A1AC22EA}.Release|Any CPU.Build.0 = Release|Any CPU
		{9CA1CA5A-51F0-49DC-BEF8-0C36952B0703}.Debug|Any CPU.ActiveCfg = Debug|Any CPU
		{9CA1CA5A-51F0-49DC-BEF8-0C36952B0703}.Debug|Any CPU.Build.0 = Debug|Any CPU
		{9CA1CA5A-51F0-49DC-BEF8-0C36952B0703}.Release|Any CPU.ActiveCfg = Release|Any CPU
		{9CA1CA5A-51F0-49DC-BEF8-0C36952B0703}.Release|Any CPU.Build.0 = Release|Any CPU
		{85E0607E-787F-496A-9C46-5E64C639CF00}.Debug|Any CPU.ActiveCfg = Debug|Any CPU
		{85E0607E-787F-496A-9C46-5E64C639CF00}.Debug|Any CPU.Build.0 = Debug|Any CPU
		{85E0607E-787F-496A-9C46-5E64C639CF00}.Release|Any CPU.ActiveCfg = Release|Any CPU
		{85E0607E-787F-496A-9C46-5E64C639CF00}.Release|Any CPU.Build.0 = Release|Any CPU
		{CDF2D1B8-F463-47AD-94C9-5B0693F5880C}.Debug|Any CPU.ActiveCfg = Debug|Any CPU
		{CDF2D1B8-F463-47AD-94C9-5B0693F5880C}.Debug|Any CPU.Build.0 = Debug|Any CPU
		{CDF2D1B8-F463-47AD-94C9-5B0693F5880C}.Release|Any CPU.ActiveCfg = Release|Any CPU
		{CDF2D1B8-F463-47AD-94C9-5B0693F5880C}.Release|Any CPU.Build.0 = Release|Any CPU
		{845AF7B5-174B-4DF8-BEAE-06A1C891643A}.Debug|Any CPU.ActiveCfg = Debug|Any CPU
		{845AF7B5-174B-4DF8-BEAE-06A1C891643A}.Debug|Any CPU.Build.0 = Debug|Any CPU
		{845AF7B5-174B-4DF8-BEAE-06A1C891643A}.Release|Any CPU.ActiveCfg = Release|Any CPU
		{845AF7B5-174B-4DF8-BEAE-06A1C891643A}.Release|Any CPU.Build.0 = Release|Any CPU
		{7D1DF9BC-6345-40AE-A1F0-33CC648343D1}.Debug|Any CPU.ActiveCfg = Debug|Any CPU
		{7D1DF9BC-6345-40AE-A1F0-33CC648343D1}.Debug|Any CPU.Build.0 = Debug|Any CPU
		{7D1DF9BC-6345-40AE-A1F0-33CC648343D1}.Release|Any CPU.ActiveCfg = Release|Any CPU
		{7D1DF9BC-6345-40AE-A1F0-33CC648343D1}.Release|Any CPU.Build.0 = Release|Any CPU
		{72F41A61-9089-4E35-B5E4-DE0D5E08FABF}.Debug|Any CPU.ActiveCfg = Debug|Any CPU
		{72F41A61-9089-4E35-B5E4-DE0D5E08FABF}.Debug|Any CPU.Build.0 = Debug|Any CPU
		{72F41A61-9089-4E35-B5E4-DE0D5E08FABF}.Release|Any CPU.ActiveCfg = Release|Any CPU
		{72F41A61-9089-4E35-B5E4-DE0D5E08FABF}.Release|Any CPU.Build.0 = Release|Any CPU
		{4E49890A-BEBD-4A8C-84E8-40D38F255AF9}.Debug|Any CPU.ActiveCfg = Debug|Any CPU
		{4E49890A-BEBD-4A8C-84E8-40D38F255AF9}.Debug|Any CPU.Build.0 = Debug|Any CPU
		{4E49890A-BEBD-4A8C-84E8-40D38F255AF9}.Release|Any CPU.ActiveCfg = Release|Any CPU
		{4E49890A-BEBD-4A8C-84E8-40D38F255AF9}.Release|Any CPU.Build.0 = Release|Any CPU
		{3E90454F-7C60-43F6-9674-BBAF793E7D62}.Debug|Any CPU.ActiveCfg = Debug|Any CPU
		{3E90454F-7C60-43F6-9674-BBAF793E7D62}.Debug|Any CPU.Build.0 = Debug|Any CPU
		{3E90454F-7C60-43F6-9674-BBAF793E7D62}.Release|Any CPU.ActiveCfg = Release|Any CPU
		{3E90454F-7C60-43F6-9674-BBAF793E7D62}.Release|Any CPU.Build.0 = Release|Any CPU
		{F55DA475-7FB2-4FB7-9CB9-C32D09E74672}.Debug|Any CPU.ActiveCfg = Debug|Any CPU
		{F55DA475-7FB2-4FB7-9CB9-C32D09E74672}.Debug|Any CPU.Build.0 = Debug|Any CPU
		{F55DA475-7FB2-4FB7-9CB9-C32D09E74672}.Release|Any CPU.ActiveCfg = Release|Any CPU
		{F55DA475-7FB2-4FB7-9CB9-C32D09E74672}.Release|Any CPU.Build.0 = Release|Any CPU
	EndGlobalSection
	GlobalSection(SolutionProperties) = preSolution
		HideSolutionNode = FALSE
	EndGlobalSection
	GlobalSection(NestedProjects) = preSolution
		{44CA1EF3-C175-451B-87E2-17F6025620B4} = {57F2862E-88E4-4EC7-A252-04BAEC06F32C}
		{FDD6E34E-744F-4BCF-8218-042032E53FF8} = {57F2862E-88E4-4EC7-A252-04BAEC06F32C}
		{DF5641A3-11CB-4D79-81E8-40495F090F8F} = {57F2862E-88E4-4EC7-A252-04BAEC06F32C}
		{74AEA867-4450-46F2-A921-1BD4F92DD308} = {57F2862E-88E4-4EC7-A252-04BAEC06F32C}
		{6254B89E-ABD3-401E-82E3-2B0B5755EF6C} = {57F2862E-88E4-4EC7-A252-04BAEC06F32C}
		{4FC73538-917B-4456-9853-DA90FBF76D1E} = {582EFD4D-682F-4A0B-912F-258278D186BB}
		{2AAA00FD-559E-423F-BF65-70754DF9F334} = {582EFD4D-682F-4A0B-912F-258278D186BB}
		{940B9134-967C-406D-AF4A-4FFA8672D00A} = {582EFD4D-682F-4A0B-912F-258278D186BB}
		{16E726BD-055A-46E4-A090-5E7E954DE073} = {582EFD4D-682F-4A0B-912F-258278D186BB}
		{267EFC54-E242-472C-90E5-CE3D9028555B} = {57F2862E-88E4-4EC7-A252-04BAEC06F32C}
		{DD4D42CB-4287-4A00-99E5-9216A1AC22EA} = {57F2862E-88E4-4EC7-A252-04BAEC06F32C}
		{9CA1CA5A-51F0-49DC-BEF8-0C36952B0703} = {80D0E9EF-8662-4EE5-BACB-99255552B213}
		{85E0607E-787F-496A-9C46-5E64C639CF00} = {80D0E9EF-8662-4EE5-BACB-99255552B213}
		{CDF2D1B8-F463-47AD-94C9-5B0693F5880C} = {89B4D606-ADA8-4027-B5EF-31FF0EBE31DD}
		{845AF7B5-174B-4DF8-BEAE-06A1C891643A} = {89B4D606-ADA8-4027-B5EF-31FF0EBE31DD}
		{7D1DF9BC-6345-40AE-A1F0-33CC648343D1} = {89B4D606-ADA8-4027-B5EF-31FF0EBE31DD}
		{72F41A61-9089-4E35-B5E4-DE0D5E08FABF} = {89B4D606-ADA8-4027-B5EF-31FF0EBE31DD}
		{4E49890A-BEBD-4A8C-84E8-40D38F255AF9} = {89B4D606-ADA8-4027-B5EF-31FF0EBE31DD}
		{3E90454F-7C60-43F6-9674-BBAF793E7D62} = {89B4D606-ADA8-4027-B5EF-31FF0EBE31DD}
		{F55DA475-7FB2-4FB7-9CB9-C32D09E74672} = {57F2862E-88E4-4EC7-A252-04BAEC06F32C}
	EndGlobalSection
	GlobalSection(ExtensibilityGlobals) = postSolution
		SolutionGuid = {CFCA1329-CEF7-4868-BBFE-33EC7ADB6C90}
	EndGlobalSection
EndGlobal
