
Microsoft Visual Studio Solution File, Format Version 12.00
# Visual Studio Version 17
VisualStudioVersion = 17.5.001.0
MinimumVisualStudioVersion = 10.0.40219.1
Project("{9A19103F-16F7-4668-BE54-9A1E7A4F7556}") = "Catalog", "Catalog.csproj", "{7DB270EF-1E2D-412F-AD01-84FAD79CCB2A}"
EndProject
Global
	GlobalSection(SolutionConfigurationPlatforms) = preSolution
		Debug|Any CPU = Debug|Any CPU
		Release|Any CPU = Release|Any CPU
	EndGlobalSection
	GlobalSection(ProjectConfigurationPlatforms) = postSolution
		{7DB270EF-1E2D-412F-AD01-84FAD79CCB2A}.Debug|Any CPU.ActiveCfg = Debug|Any CPU
		{7DB270EF-1E2D-412F-AD01-84FAD79CCB2A}.Debug|Any CPU.Build.0 = Debug|Any CPU
		{7DB270EF-1E2D-412F-AD01-84FAD79CCB2A}.Release|Any CPU.ActiveCfg = Release|Any CPU
		{7DB270EF-1E2D-412F-AD01-84FAD79CCB2A}.Release|Any CPU.Build.0 = Release|Any CPU
	EndGlobalSection
	GlobalSection(SolutionProperties) = preSolution
		HideSolutionNode = FALSE
	EndGlobalSection
	GlobalSection(ExtensibilityGlobals) = postSolution
		SolutionGuid = {6A383FB3-3E34-4541-82E3-3E6C632AA074}
	EndGlobalSection
EndGlobal
